
Microsoft Visual Studio Solution File, Format Version 12.00
# Visual Studio Version 17
VisualStudioVersion = 17.0.31903.59
MinimumVisualStudioVersion = 10.0.40219.1
Project("{2150E333-8FDC-42A3-9474-1A3956D46DE8}") = "src", "src", "{41EB6477-AFD0-4A05-A7B1-A143120F55B9}"
EndProject
Project("{2150E333-8FDC-42A3-9474-1A3956D46DE8}") = "Common", "Common", "{C65BE5FB-301A-494A-B7CF-1B1EDC8F7688}"
EndProject
Project("{2150E333-8FDC-42A3-9474-1A3956D46DE8}") = "Http", "Http", "{4BA6A7A6-2F54-4240-9C98-BF633437B966}"
EndProject
Project("{2150E333-8FDC-42A3-9474-1A3956D46DE8}") = "demo", "demo", "{2B3972BD-FE34-4D50-B0C9-AFF4CAF9227E}"
EndProject
Project("{9A19103F-16F7-4668-BE54-9A1E7A4F7556}") = "Abp.Mirai.Demo", "demo\Abp.Mirai.Demo\Abp.Mirai.Demo.csproj", "{C6715E60-D09D-44D9-8365-877EA3CE9974}"
EndProject
Project("{2150E333-8FDC-42A3-9474-1A3956D46DE8}") = "tests", "tests", "{B3B5581B-1168-4C4D-AE7C-1666D1325975}"
EndProject
Project("{FAE04EC0-301F-11D3-BF4B-00C04F79EFBC}") = "Abp.Mirai.Http.Tests", "tests\Abp.Mirai.Http.Tests\Abp.Mirai.Http.Tests.csproj", "{E5679D0B-E257-4CEB-A473-80E500465AA7}"
EndProject
Project("{FAE04EC0-301F-11D3-BF4B-00C04F79EFBC}") = "Abp.Mirai.Common.Tests", "tests\Abp.Mirai.Common.Tests\Abp.Mirai.Common.Tests.csproj", "{528CB4BD-D2AF-442B-AB9E-38D649472742}"
EndProject
Project("{2150E333-8FDC-42A3-9474-1A3956D46DE8}") = "Webhook", "Webhook", "{E6B18F31-44DF-485D-8CB2-24AF5473ED9F}"
EndProject
Project("{FAE04EC0-301F-11D3-BF4B-00C04F79EFBC}") = "Abp.Mirai.Webhook.HttpApi", "src\Webhook\Abp.Mirai.Webhook.HttpApi\Abp.Mirai.Webhook.HttpApi.csproj", "{26F58D01-47FB-4C06-96C7-6014EF52DDAD}"
EndProject
Project("{9A19103F-16F7-4668-BE54-9A1E7A4F7556}") = "Abp.Mirai.Common", "src\Common\Abp.Mirai.Common\Abp.Mirai.Common.csproj", "{C26004EB-AC25-4896-9BC9-AC1389310D2B}"
EndProject
Project("{9A19103F-16F7-4668-BE54-9A1E7A4F7556}") = "Abp.Mirai.Http", "src\Http\Abp.Mirai.Http\Abp.Mirai.Http.csproj", "{482E49AA-7650-4A4C-9B8B-3366A448AFD0}"
EndProject
Project("{9A19103F-16F7-4668-BE54-9A1E7A4F7556}") = "Abp.Mirai.Webhook", "src\Webhook\Abp.Mirai.Webhook\Abp.Mirai.Webhook.csproj", "{E9BD1726-0794-4BBB-9A38-35A7A6741664}"
EndProject
Global
	GlobalSection(SolutionConfigurationPlatforms) = preSolution
		Debug|Any CPU = Debug|Any CPU
		Release|Any CPU = Release|Any CPU
	EndGlobalSection
	GlobalSection(ProjectConfigurationPlatforms) = postSolution
		{C6715E60-D09D-44D9-8365-877EA3CE9974}.Debug|Any CPU.ActiveCfg = Debug|Any CPU
		{C6715E60-D09D-44D9-8365-877EA3CE9974}.Debug|Any CPU.Build.0 = Debug|Any CPU
		{C6715E60-D09D-44D9-8365-877EA3CE9974}.Release|Any CPU.ActiveCfg = Release|Any CPU
		{C6715E60-D09D-44D9-8365-877EA3CE9974}.Release|Any CPU.Build.0 = Release|Any CPU
		{E5679D0B-E257-4CEB-A473-80E500465AA7}.Debug|Any CPU.ActiveCfg = Debug|Any CPU
		{E5679D0B-E257-4CEB-A473-80E500465AA7}.Debug|Any CPU.Build.0 = Debug|Any CPU
		{E5679D0B-E257-4CEB-A473-80E500465AA7}.Release|Any CPU.ActiveCfg = Release|Any CPU
		{E5679D0B-E257-4CEB-A473-80E500465AA7}.Release|Any CPU.Build.0 = Release|Any CPU
		{528CB4BD-D2AF-442B-AB9E-38D649472742}.Debug|Any CPU.ActiveCfg = Debug|Any CPU
		{528CB4BD-D2AF-442B-AB9E-38D649472742}.Debug|Any CPU.Build.0 = Debug|Any CPU
		{528CB4BD-D2AF-442B-AB9E-38D649472742}.Release|Any CPU.ActiveCfg = Release|Any CPU
		{528CB4BD-D2AF-442B-AB9E-38D649472742}.Release|Any CPU.Build.0 = Release|Any CPU
		{26F58D01-47FB-4C06-96C7-6014EF52DDAD}.Debug|Any CPU.ActiveCfg = Debug|Any CPU
		{26F58D01-47FB-4C06-96C7-6014EF52DDAD}.Debug|Any CPU.Build.0 = Debug|Any CPU
		{26F58D01-47FB-4C06-96C7-6014EF52DDAD}.Release|Any CPU.ActiveCfg = Release|Any CPU
		{26F58D01-47FB-4C06-96C7-6014EF52DDAD}.Release|Any CPU.Build.0 = Release|Any CPU
		{C26004EB-AC25-4896-9BC9-AC1389310D2B}.Debug|Any CPU.ActiveCfg = Debug|Any CPU
		{C26004EB-AC25-4896-9BC9-AC1389310D2B}.Debug|Any CPU.Build.0 = Debug|Any CPU
		{C26004EB-AC25-4896-9BC9-AC1389310D2B}.Release|Any CPU.ActiveCfg = Release|Any CPU
		{C26004EB-AC25-4896-9BC9-AC1389310D2B}.Release|Any CPU.Build.0 = Release|Any CPU
		{482E49AA-7650-4A4C-9B8B-3366A448AFD0}.Debug|Any CPU.ActiveCfg = Debug|Any CPU
		{482E49AA-7650-4A4C-9B8B-3366A448AFD0}.Debug|Any CPU.Build.0 = Debug|Any CPU
		{482E49AA-7650-4A4C-9B8B-3366A448AFD0}.Release|Any CPU.ActiveCfg = Release|Any CPU
		{482E49AA-7650-4A4C-9B8B-3366A448AFD0}.Release|Any CPU.Build.0 = Release|Any CPU
		{E9BD1726-0794-4BBB-9A38-35A7A6741664}.Debug|Any CPU.ActiveCfg = Debug|Any CPU
		{E9BD1726-0794-4BBB-9A38-35A7A6741664}.Debug|Any CPU.Build.0 = Debug|Any CPU
		{E9BD1726-0794-4BBB-9A38-35A7A6741664}.Release|Any CPU.ActiveCfg = Release|Any CPU
		{E9BD1726-0794-4BBB-9A38-35A7A6741664}.Release|Any CPU.Build.0 = Release|Any CPU
	EndGlobalSection
	GlobalSection(SolutionProperties) = preSolution
		HideSolutionNode = FALSE
	EndGlobalSection
	GlobalSection(NestedProjects) = preSolution
		{C65BE5FB-301A-494A-B7CF-1B1EDC8F7688} = {41EB6477-AFD0-4A05-A7B1-A143120F55B9}
		{4BA6A7A6-2F54-4240-9C98-BF633437B966} = {41EB6477-AFD0-4A05-A7B1-A143120F55B9}
		{C6715E60-D09D-44D9-8365-877EA3CE9974} = {2B3972BD-FE34-4D50-B0C9-AFF4CAF9227E}
		{E5679D0B-E257-4CEB-A473-80E500465AA7} = {B3B5581B-1168-4C4D-AE7C-1666D1325975}
		{528CB4BD-D2AF-442B-AB9E-38D649472742} = {B3B5581B-1168-4C4D-AE7C-1666D1325975}
		{E6B18F31-44DF-485D-8CB2-24AF5473ED9F} = {41EB6477-AFD0-4A05-A7B1-A143120F55B9}
		{26F58D01-47FB-4C06-96C7-6014EF52DDAD} = {E6B18F31-44DF-485D-8CB2-24AF5473ED9F}
		{C26004EB-AC25-4896-9BC9-AC1389310D2B} = {C65BE5FB-301A-494A-B7CF-1B1EDC8F7688}
		{482E49AA-7650-4A4C-9B8B-3366A448AFD0} = {4BA6A7A6-2F54-4240-9C98-BF633437B966}
		{E9BD1726-0794-4BBB-9A38-35A7A6741664} = {E6B18F31-44DF-485D-8CB2-24AF5473ED9F}
	EndGlobalSection
	GlobalSection(ExtensibilityGlobals) = postSolution
		SolutionGuid = {63E2660C-C1D9-4768-90FD-289F36581842}
	EndGlobalSection
EndGlobal
